
Microsoft Visual Studio Solution File, Format Version 12.00
# Visual Studio 2012
Project("{FAE04EC0-301F-11D3-BF4B-00C04F79EFBC}") = "Application", "Application\Application.csproj", "{5FA31161-DDBB-430F-9E99-0ECE98B733DE}"
EndProject
Project("{2150E333-8FDC-42A3-9474-1A3956D46DE8}") = "Solution Items", "Solution Items", "{B4B2F683-07C5-4937-B0DD-FC5849A83F42}"
	ProjectSection(SolutionItems) = preProject
		conf\RecordStructure.xml = conf\RecordStructure.xml
	EndProjectSection
EndProject
Project("{FAE04EC0-301F-11D3-BF4B-00C04F79EFBC}") = "Domain", "Domain\Domain.csproj", "{C771D1E1-8186-49A2-9AEB-997DAF106FFD}"
EndProject
Project("{FAE04EC0-301F-11D3-BF4B-00C04F79EFBC}") = "Framework", "Framework\Framework.csproj", "{5F7E7E6A-866D-4312-9B4E-A0BE52B920C0}"
EndProject
Project("{FAE04EC0-301F-11D3-BF4B-00C04F79EFBC}") = "viewhtml", "test\viewhtml\viewhtml.csproj", "{01503E2B-852C-4F9D-8399-692FF03EBD6D}"
EndProject
Project("{2150E333-8FDC-42A3-9474-1A3956D46DE8}") = "test", "test", "{A5465148-B6D5-4388-9CBB-179C9B80E867}"
	ProjectSection(SolutionItems) = preProject
		test\styles.css = test\styles.css
		test\table.css = test\table.css
		test\test4.html = test\test4.html
		test\test4.py = test\test4.py
	EndProjectSection
EndProject
Project("{2150E333-8FDC-42A3-9474-1A3956D46DE8}") = "scripts", "scripts", "{BAB1715A-1F89-4ABD-8CE5-773E0ACE2071}"
	ProjectSection(SolutionItems) = preProject
		scripts\renderer.css = scripts\renderer.css
		scripts\renderer.py = scripts\renderer.py
	EndProjectSection
EndProject
Global
	GlobalSection(SolutionConfigurationPlatforms) = preSolution
		Debug|Any CPU = Debug|Any CPU
		Debug|Mixed Platforms = Debug|Mixed Platforms
		Debug|x64 = Debug|x64
		Debug|x86 = Debug|x86
		Release|Any CPU = Release|Any CPU
		Release|Mixed Platforms = Release|Mixed Platforms
		Release|x64 = Release|x64
		Release|x86 = Release|x86
	EndGlobalSection
	GlobalSection(ProjectConfigurationPlatforms) = postSolution
		{5FA31161-DDBB-430F-9E99-0ECE98B733DE}.Debug|Any CPU.ActiveCfg = Debug|Any CPU
		{5FA31161-DDBB-430F-9E99-0ECE98B733DE}.Debug|Any CPU.Build.0 = Debug|Any CPU
		{5FA31161-DDBB-430F-9E99-0ECE98B733DE}.Debug|Mixed Platforms.ActiveCfg = Debug|Any CPU
		{5FA31161-DDBB-430F-9E99-0ECE98B733DE}.Debug|Mixed Platforms.Build.0 = Debug|Any CPU
		{5FA31161-DDBB-430F-9E99-0ECE98B733DE}.Debug|x64.ActiveCfg = Debug|Any CPU
		{5FA31161-DDBB-430F-9E99-0ECE98B733DE}.Debug|x64.Build.0 = Debug|Any CPU
		{5FA31161-DDBB-430F-9E99-0ECE98B733DE}.Debug|x86.ActiveCfg = Debug|Any CPU
		{5FA31161-DDBB-430F-9E99-0ECE98B733DE}.Debug|x86.Build.0 = Debug|Any CPU
		{5FA31161-DDBB-430F-9E99-0ECE98B733DE}.Release|Any CPU.ActiveCfg = Release|Any CPU
		{5FA31161-DDBB-430F-9E99-0ECE98B733DE}.Release|Any CPU.Build.0 = Release|Any CPU
		{5FA31161-DDBB-430F-9E99-0ECE98B733DE}.Release|Mixed Platforms.ActiveCfg = Release|Any CPU
		{5FA31161-DDBB-430F-9E99-0ECE98B733DE}.Release|Mixed Platforms.Build.0 = Release|Any CPU
		{5FA31161-DDBB-430F-9E99-0ECE98B733DE}.Release|x64.ActiveCfg = Release|Any CPU
		{5FA31161-DDBB-430F-9E99-0ECE98B733DE}.Release|x64.Build.0 = Release|Any CPU
		{5FA31161-DDBB-430F-9E99-0ECE98B733DE}.Release|x86.ActiveCfg = Release|Any CPU
		{5FA31161-DDBB-430F-9E99-0ECE98B733DE}.Release|x86.Build.0 = Release|Any CPU
		{C771D1E1-8186-49A2-9AEB-997DAF106FFD}.Debug|Any CPU.ActiveCfg = Debug|Any CPU
		{C771D1E1-8186-49A2-9AEB-997DAF106FFD}.Debug|Any CPU.Build.0 = Debug|Any CPU
		{C771D1E1-8186-49A2-9AEB-997DAF106FFD}.Debug|Mixed Platforms.ActiveCfg = Debug|Any CPU
		{C771D1E1-8186-49A2-9AEB-997DAF106FFD}.Debug|Mixed Platforms.Build.0 = Debug|Any CPU
		{C771D1E1-8186-49A2-9AEB-997DAF106FFD}.Debug|x64.ActiveCfg = Debug|Any CPU
		{C771D1E1-8186-49A2-9AEB-997DAF106FFD}.Debug|x86.ActiveCfg = Debug|Any CPU
		{C771D1E1-8186-49A2-9AEB-997DAF106FFD}.Release|Any CPU.ActiveCfg = Release|Any CPU
		{C771D1E1-8186-49A2-9AEB-997DAF106FFD}.Release|Any CPU.Build.0 = Release|Any CPU
		{C771D1E1-8186-49A2-9AEB-997DAF106FFD}.Release|Mixed Platforms.ActiveCfg = Release|Any CPU
		{C771D1E1-8186-49A2-9AEB-997DAF106FFD}.Release|Mixed Platforms.Build.0 = Release|Any CPU
		{C771D1E1-8186-49A2-9AEB-997DAF106FFD}.Release|x64.ActiveCfg = Release|Any CPU
		{C771D1E1-8186-49A2-9AEB-997DAF106FFD}.Release|x86.ActiveCfg = Release|Any CPU
		{5F7E7E6A-866D-4312-9B4E-A0BE52B920C0}.Debug|Any CPU.ActiveCfg = Debug|Any CPU
		{5F7E7E6A-866D-4312-9B4E-A0BE52B920C0}.Debug|Any CPU.Build.0 = Debug|Any CPU
		{5F7E7E6A-866D-4312-9B4E-A0BE52B920C0}.Debug|Mixed Platforms.ActiveCfg = Debug|Any CPU
		{5F7E7E6A-866D-4312-9B4E-A0BE52B920C0}.Debug|Mixed Platforms.Build.0 = Debug|Any CPU
		{5F7E7E6A-866D-4312-9B4E-A0BE52B920C0}.Debug|x64.ActiveCfg = Debug|Any CPU
		{5F7E7E6A-866D-4312-9B4E-A0BE52B920C0}.Debug|x86.ActiveCfg = Debug|Any CPU
		{5F7E7E6A-866D-4312-9B4E-A0BE52B920C0}.Release|Any CPU.ActiveCfg = Release|Any CPU
		{5F7E7E6A-866D-4312-9B4E-A0BE52B920C0}.Release|Any CPU.Build.0 = Release|Any CPU
		{5F7E7E6A-866D-4312-9B4E-A0BE52B920C0}.Release|Mixed Platforms.ActiveCfg = Release|Any CPU
		{5F7E7E6A-866D-4312-9B4E-A0BE52B920C0}.Release|Mixed Platforms.Build.0 = Release|Any CPU
		{5F7E7E6A-866D-4312-9B4E-A0BE52B920C0}.Release|x64.ActiveCfg = Release|Any CPU
		{5F7E7E6A-866D-4312-9B4E-A0BE52B920C0}.Release|x86.ActiveCfg = Release|Any CPU
		{01503E2B-852C-4F9D-8399-692FF03EBD6D}.Debug|Any CPU.ActiveCfg = Debug|Any CPU
		{01503E2B-852C-4F9D-8399-692FF03EBD6D}.Debug|Any CPU.Build.0 = Debug|Any CPU
		{01503E2B-852C-4F9D-8399-692FF03EBD6D}.Debug|Mixed Platforms.ActiveCfg = Debug|Any CPU
		{01503E2B-852C-4F9D-8399-692FF03EBD6D}.Debug|Mixed Platforms.Build.0 = Debug|Any CPU
		{01503E2B-852C-4F9D-8399-692FF03EBD6D}.Debug|x64.ActiveCfg = Debug|Any CPU
		{01503E2B-852C-4F9D-8399-692FF03EBD6D}.Debug|x86.ActiveCfg = Debug|Any CPU
		{01503E2B-852C-4F9D-8399-692FF03EBD6D}.Release|Any CPU.ActiveCfg = Release|Any CPU
		{01503E2B-852C-4F9D-8399-692FF03EBD6D}.Release|Any CPU.Build.0 = Release|Any CPU
		{01503E2B-852C-4F9D-8399-692FF03EBD6D}.Release|Mixed Platforms.ActiveCfg = Release|Any CPU
		{01503E2B-852C-4F9D-8399-692FF03EBD6D}.Release|Mixed Platforms.Build.0 = Release|Any CPU
		{01503E2B-852C-4F9D-8399-692FF03EBD6D}.Release|x64.ActiveCfg = Release|Any CPU
		{01503E2B-852C-4F9D-8399-692FF03EBD6D}.Release|x86.ActiveCfg = Release|Any CPU
	EndGlobalSection
	GlobalSection(SolutionProperties) = preSolution
		HideSolutionNode = FALSE
	EndGlobalSection
	GlobalSection(NestedProjects) = preSolution
		{A5465148-B6D5-4388-9CBB-179C9B80E867} = {B4B2F683-07C5-4937-B0DD-FC5849A83F42}
		{BAB1715A-1F89-4ABD-8CE5-773E0ACE2071} = {B4B2F683-07C5-4937-B0DD-FC5849A83F42}
	EndGlobalSection
EndGlobal
